
Microsoft Visual Studio Solution File, Format Version 12.00
# Visual Studio 15
VisualStudioVersion = 15.0.28307.329
MinimumVisualStudioVersion = 10.0.40219.1
Project("{FAE04EC0-301F-11D3-BF4B-00C04F79EFBC}") = "Films", "Films\Films.csproj", "{275B7674-ECC7-499B-9051-BD7A94580077}"
EndProject
Global
	GlobalSection(SolutionConfigurationPlatforms) = preSolution
		Debug|Any CPU = Debug|Any CPU
		Release|Any CPU = Release|Any CPU
	EndGlobalSection
	GlobalSection(ProjectConfigurationPlatforms) = postSolution
		{275B7674-ECC7-499B-9051-BD7A94580077}.Debug|Any CPU.ActiveCfg = Debug|Any CPU
		{275B7674-ECC7-499B-9051-BD7A94580077}.Debug|Any CPU.Build.0 = Debug|Any CPU
		{275B7674-ECC7-499B-9051-BD7A94580077}.Release|Any CPU.ActiveCfg = Release|Any CPU
		{275B7674-ECC7-499B-9051-BD7A94580077}.Release|Any CPU.Build.0 = Release|Any CPU
	EndGlobalSection
	GlobalSection(SolutionProperties) = preSolution
		HideSolutionNode = FALSE
	EndGlobalSection
	GlobalSection(ExtensibilityGlobals) = postSolution
		SolutionGuid = {CC6D6138-0B79-4269-956A-F4FD532B6280}
	EndGlobalSection
EndGlobal
